
Microsoft Visual Studio Solution File, Format Version 12.00
# Visual Studio Version 17
VisualStudioVersion = 17.1.32210.238
MinimumVisualStudioVersion = 10.0.40219.1
Project("{FAE04EC0-301F-11D3-BF4B-00C04F79EFBC}") = "PracticeLibraryList", "PracticeLibraryList\PracticeLibraryList.csproj", "{956374A6-FC28-4EB7-BD4A-CECF906FDD60}"
EndProject
Project("{FAE04EC0-301F-11D3-BF4B-00C04F79EFBC}") = "Exceptions", "Exceptions\Exceptions.csproj", "{4682FA28-2349-480F-8576-0124B375625F}"
EndProject
Global
	GlobalSection(SolutionConfigurationPlatforms) = preSolution
		Debug|Any CPU = Debug|Any CPU
		Release|Any CPU = Release|Any CPU
	EndGlobalSection
	GlobalSection(ProjectConfigurationPlatforms) = postSolution
		{956374A6-FC28-4EB7-BD4A-CECF906FDD60}.Debug|Any CPU.ActiveCfg = Debug|Any CPU
		{956374A6-FC28-4EB7-BD4A-CECF906FDD60}.Debug|Any CPU.Build.0 = Debug|Any CPU
		{956374A6-FC28-4EB7-BD4A-CECF906FDD60}.Release|Any CPU.ActiveCfg = Release|Any CPU
		{956374A6-FC28-4EB7-BD4A-CECF906FDD60}.Release|Any CPU.Build.0 = Release|Any CPU
		{4682FA28-2349-480F-8576-0124B375625F}.Debug|Any CPU.ActiveCfg = Debug|Any CPU
		{4682FA28-2349-480F-8576-0124B375625F}.Debug|Any CPU.Build.0 = Debug|Any CPU
		{4682FA28-2349-480F-8576-0124B375625F}.Release|Any CPU.ActiveCfg = Release|Any CPU
		{4682FA28-2349-480F-8576-0124B375625F}.Release|Any CPU.Build.0 = Release|Any CPU
	EndGlobalSection
	GlobalSection(SolutionProperties) = preSolution
		HideSolutionNode = FALSE
	EndGlobalSection
	GlobalSection(ExtensibilityGlobals) = postSolution
		SolutionGuid = {AF3C2CAF-6588-4F18-998D-2B35C23C1E19}
	EndGlobalSection
EndGlobal
